
Microsoft Visual Studio Solution File, Format Version 12.00
# Visual Studio Version 17
VisualStudioVersion = 17.0.31903.59
MinimumVisualStudioVersion = 10.0.40219.1
Project("{2150E333-8FDC-42A3-9474-1A3956D46DE8}") = "Services", "Services", "{199A5F24-7A1B-4F84-9DE9-E7682D489BD4}"
EndProject
Project("{2150E333-8FDC-42A3-9474-1A3956D46DE8}") = "Catalog", "Catalog", "{0E9FC50D-A406-4DAB-8EAF-23AABFC96F3A}"
EndProject
Project("{9A19103F-16F7-4668-BE54-9A1E7A4F7556}") = "Catalog.API", "Services\Catalog\Catalog.API\Catalog.API.csproj", "{6AE336CD-2E13-4A72-9968-B83B5D921F44}"
EndProject
Project("{E53339B2-1760-4266-BCC7-CA923CBCF16C}") = "docker-compose", "docker-compose.dcproj", "{A3A6CD9C-318A-4540-9C12-E9B4ED7B3F49}"
EndProject
Project("{2150E333-8FDC-42A3-9474-1A3956D46DE8}") = "Basket", "Basket", "{24022F25-702A-460C-837A-38D204B47705}"
EndProject
Project("{9A19103F-16F7-4668-BE54-9A1E7A4F7556}") = "Basket.API", "Services\Basket\Basket.API\Basket.API.csproj", "{2EA5905F-0545-431A-9430-B590A9EACF03}"
EndProject
Project("{2150E333-8FDC-42A3-9474-1A3956D46DE8}") = "Discount", "Discount", "{74B84C8D-BA54-4DBB-ABE8-0D920C126D4C}"
EndProject
Project("{9A19103F-16F7-4668-BE54-9A1E7A4F7556}") = "Discount.API", "Services\Discount\Discount.API\Discount.API.csproj", "{68C3B997-4139-4A4C-8456-E39BA82A35E4}"
EndProject
Project("{9A19103F-16F7-4668-BE54-9A1E7A4F7556}") = "Discount.Grpc", "Services\Discount\Discount.Grpc\Discount.Grpc.csproj", "{2A8E1EA4-36DB-4C2F-9302-35D0CD4CFC6C}"
EndProject
Project("{2150E333-8FDC-42A3-9474-1A3956D46DE8}") = "Ordering", "Ordering", "{C1E823A2-5421-44B1-A669-B1DB0B89D519}"
EndProject
Project("{9A19103F-16F7-4668-BE54-9A1E7A4F7556}") = "Ordering.API", "Services\Ordering\Ordering.API\Ordering.API.csproj", "{1C38CCAB-472C-421A-A5FB-0E2C2F727FB2}"
EndProject
Project("{9A19103F-16F7-4668-BE54-9A1E7A4F7556}") = "Ordering.Domain", "Services\Ordering\Ordering.Domain\Ordering.Domain.csproj", "{3935B7F8-5269-45C8-BF4B-6EB164CEE6FA}"
EndProject
Project("{9A19103F-16F7-4668-BE54-9A1E7A4F7556}") = "Ordering.Application", "Services\Ordering\Ordering.Application\Ordering.Application.csproj", "{3EE49CE8-0F85-4EAC-8D8F-79E048425601}"
EndProject
Project("{9A19103F-16F7-4668-BE54-9A1E7A4F7556}") = "Ordering.Infrastructure", "Services\Ordering\Ordering.Infrastructure\Ordering.Infrastructure.csproj", "{103B8039-ED98-48D9-823A-EFE5AB0A4D00}"
EndProject
Project("{2150E333-8FDC-42A3-9474-1A3956D46DE8}") = "BuildingBlocks", "BuildingBlocks", "{96B3C684-445A-45E6-8A01-836461FDA5E7}"
EndProject
Project("{9A19103F-16F7-4668-BE54-9A1E7A4F7556}") = "EventBus.Messages", "BuildingBlocks\EventBus.Messages\EventBus.Messages.csproj", "{4E45D89B-6E07-4557-B869-882065A0DBF4}"
EndProject
Project("{2150E333-8FDC-42A3-9474-1A3956D46DE8}") = "ApiGetways", "ApiGetways", "{6356D94C-0004-491E-A0F4-061F1D70EAD0}"
EndProject
Project("{9A19103F-16F7-4668-BE54-9A1E7A4F7556}") = "OcelotApiGw", "ApiGetways\OcelotApiGw\OcelotApiGw.csproj", "{9A67539F-2474-442B-9802-0A5189CBAAAA}"
EndProject
Project("{FAE04EC0-301F-11D3-BF4B-00C04F79EFBC}") = "Shopping.Aggregator", "ApiGetways\Shopping.Aggregator\Shopping.Aggregator.csproj", "{E191A65D-904A-4991-AA4F-95185C092A2A}"
EndProject
Global
	GlobalSection(SolutionConfigurationPlatforms) = preSolution
		Debug|Any CPU = Debug|Any CPU
		Release|Any CPU = Release|Any CPU
	EndGlobalSection
	GlobalSection(ProjectConfigurationPlatforms) = postSolution
		{6AE336CD-2E13-4A72-9968-B83B5D921F44}.Debug|Any CPU.ActiveCfg = Debug|Any CPU
		{6AE336CD-2E13-4A72-9968-B83B5D921F44}.Debug|Any CPU.Build.0 = Debug|Any CPU
		{6AE336CD-2E13-4A72-9968-B83B5D921F44}.Release|Any CPU.ActiveCfg = Release|Any CPU
		{6AE336CD-2E13-4A72-9968-B83B5D921F44}.Release|Any CPU.Build.0 = Release|Any CPU
		{A3A6CD9C-318A-4540-9C12-E9B4ED7B3F49}.Debug|Any CPU.ActiveCfg = Debug|Any CPU
		{A3A6CD9C-318A-4540-9C12-E9B4ED7B3F49}.Debug|Any CPU.Build.0 = Debug|Any CPU
		{A3A6CD9C-318A-4540-9C12-E9B4ED7B3F49}.Release|Any CPU.ActiveCfg = Release|Any CPU
		{A3A6CD9C-318A-4540-9C12-E9B4ED7B3F49}.Release|Any CPU.Build.0 = Release|Any CPU
		{2EA5905F-0545-431A-9430-B590A9EACF03}.Debug|Any CPU.ActiveCfg = Debug|Any CPU
		{2EA5905F-0545-431A-9430-B590A9EACF03}.Debug|Any CPU.Build.0 = Debug|Any CPU
		{2EA5905F-0545-431A-9430-B590A9EACF03}.Release|Any CPU.ActiveCfg = Release|Any CPU
		{2EA5905F-0545-431A-9430-B590A9EACF03}.Release|Any CPU.Build.0 = Release|Any CPU
		{68C3B997-4139-4A4C-8456-E39BA82A35E4}.Debug|Any CPU.ActiveCfg = Debug|Any CPU
		{68C3B997-4139-4A4C-8456-E39BA82A35E4}.Debug|Any CPU.Build.0 = Debug|Any CPU
		{68C3B997-4139-4A4C-8456-E39BA82A35E4}.Release|Any CPU.ActiveCfg = Release|Any CPU
		{68C3B997-4139-4A4C-8456-E39BA82A35E4}.Release|Any CPU.Build.0 = Release|Any CPU
		{2A8E1EA4-36DB-4C2F-9302-35D0CD4CFC6C}.Debug|Any CPU.ActiveCfg = Debug|Any CPU
		{2A8E1EA4-36DB-4C2F-9302-35D0CD4CFC6C}.Debug|Any CPU.Build.0 = Debug|Any CPU
		{2A8E1EA4-36DB-4C2F-9302-35D0CD4CFC6C}.Release|Any CPU.ActiveCfg = Release|Any CPU
		{2A8E1EA4-36DB-4C2F-9302-35D0CD4CFC6C}.Release|Any CPU.Build.0 = Release|Any CPU
		{1C38CCAB-472C-421A-A5FB-0E2C2F727FB2}.Debug|Any CPU.ActiveCfg = Debug|Any CPU
		{1C38CCAB-472C-421A-A5FB-0E2C2F727FB2}.Debug|Any CPU.Build.0 = Debug|Any CPU
		{1C38CCAB-472C-421A-A5FB-0E2C2F727FB2}.Release|Any CPU.ActiveCfg = Release|Any CPU
		{1C38CCAB-472C-421A-A5FB-0E2C2F727FB2}.Release|Any CPU.Build.0 = Release|Any CPU
		{3935B7F8-5269-45C8-BF4B-6EB164CEE6FA}.Debug|Any CPU.ActiveCfg = Debug|Any CPU
		{3935B7F8-5269-45C8-BF4B-6EB164CEE6FA}.Debug|Any CPU.Build.0 = Debug|Any CPU
		{3935B7F8-5269-45C8-BF4B-6EB164CEE6FA}.Release|Any CPU.ActiveCfg = Release|Any CPU
		{3935B7F8-5269-45C8-BF4B-6EB164CEE6FA}.Release|Any CPU.Build.0 = Release|Any CPU
		{3EE49CE8-0F85-4EAC-8D8F-79E048425601}.Debug|Any CPU.ActiveCfg = Debug|Any CPU
		{3EE49CE8-0F85-4EAC-8D8F-79E048425601}.Debug|Any CPU.Build.0 = Debug|Any CPU
		{3EE49CE8-0F85-4EAC-8D8F-79E048425601}.Release|Any CPU.ActiveCfg = Release|Any CPU
		{3EE49CE8-0F85-4EAC-8D8F-79E048425601}.Release|Any CPU.Build.0 = Release|Any CPU
		{103B8039-ED98-48D9-823A-EFE5AB0A4D00}.Debug|Any CPU.ActiveCfg = Debug|Any CPU
		{103B8039-ED98-48D9-823A-EFE5AB0A4D00}.Debug|Any CPU.Build.0 = Debug|Any CPU
		{103B8039-ED98-48D9-823A-EFE5AB0A4D00}.Release|Any CPU.ActiveCfg = Release|Any CPU
		{103B8039-ED98-48D9-823A-EFE5AB0A4D00}.Release|Any CPU.Build.0 = Release|Any CPU
		{4E45D89B-6E07-4557-B869-882065A0DBF4}.Debug|Any CPU.ActiveCfg = Debug|Any CPU
		{4E45D89B-6E07-4557-B869-882065A0DBF4}.Debug|Any CPU.Build.0 = Debug|Any CPU
		{4E45D89B-6E07-4557-B869-882065A0DBF4}.Release|Any CPU.ActiveCfg = Release|Any CPU
		{4E45D89B-6E07-4557-B869-882065A0DBF4}.Release|Any CPU.Build.0 = Release|Any CPU
		{9A67539F-2474-442B-9802-0A5189CBAAAA}.Debug|Any CPU.ActiveCfg = Debug|Any CPU
		{9A67539F-2474-442B-9802-0A5189CBAAAA}.Debug|Any CPU.Build.0 = Debug|Any CPU
		{9A67539F-2474-442B-9802-0A5189CBAAAA}.Release|Any CPU.ActiveCfg = Release|Any CPU
		{9A67539F-2474-442B-9802-0A5189CBAAAA}.Release|Any CPU.Build.0 = Release|Any CPU
		{E191A65D-904A-4991-AA4F-95185C092A2A}.Debug|Any CPU.ActiveCfg = Debug|Any CPU
		{E191A65D-904A-4991-AA4F-95185C092A2A}.Debug|Any CPU.Build.0 = Debug|Any CPU
		{E191A65D-904A-4991-AA4F-95185C092A2A}.Release|Any CPU.ActiveCfg = Release|Any CPU
		{E191A65D-904A-4991-AA4F-95185C092A2A}.Release|Any CPU.Build.0 = Release|Any CPU
	EndGlobalSection
	GlobalSection(SolutionProperties) = preSolution
		HideSolutionNode = FALSE
	EndGlobalSection
	GlobalSection(NestedProjects) = preSolution
		{0E9FC50D-A406-4DAB-8EAF-23AABFC96F3A} = {199A5F24-7A1B-4F84-9DE9-E7682D489BD4}
		{6AE336CD-2E13-4A72-9968-B83B5D921F44} = {0E9FC50D-A406-4DAB-8EAF-23AABFC96F3A}
		{24022F25-702A-460C-837A-38D204B47705} = {199A5F24-7A1B-4F84-9DE9-E7682D489BD4}
		{2EA5905F-0545-431A-9430-B590A9EACF03} = {24022F25-702A-460C-837A-38D204B47705}
		{74B84C8D-BA54-4DBB-ABE8-0D920C126D4C} = {199A5F24-7A1B-4F84-9DE9-E7682D489BD4}
		{68C3B997-4139-4A4C-8456-E39BA82A35E4} = {74B84C8D-BA54-4DBB-ABE8-0D920C126D4C}
		{2A8E1EA4-36DB-4C2F-9302-35D0CD4CFC6C} = {74B84C8D-BA54-4DBB-ABE8-0D920C126D4C}
		{C1E823A2-5421-44B1-A669-B1DB0B89D519} = {199A5F24-7A1B-4F84-9DE9-E7682D489BD4}
		{1C38CCAB-472C-421A-A5FB-0E2C2F727FB2} = {C1E823A2-5421-44B1-A669-B1DB0B89D519}
		{3935B7F8-5269-45C8-BF4B-6EB164CEE6FA} = {C1E823A2-5421-44B1-A669-B1DB0B89D519}
		{3EE49CE8-0F85-4EAC-8D8F-79E048425601} = {C1E823A2-5421-44B1-A669-B1DB0B89D519}
		{103B8039-ED98-48D9-823A-EFE5AB0A4D00} = {C1E823A2-5421-44B1-A669-B1DB0B89D519}
		{4E45D89B-6E07-4557-B869-882065A0DBF4} = {96B3C684-445A-45E6-8A01-836461FDA5E7}
		{9A67539F-2474-442B-9802-0A5189CBAAAA} = {6356D94C-0004-491E-A0F4-061F1D70EAD0}
		{E191A65D-904A-4991-AA4F-95185C092A2A} = {6356D94C-0004-491E-A0F4-061F1D70EAD0}
	EndGlobalSection
	GlobalSection(ExtensibilityGlobals) = postSolution
		SolutionGuid = {1FF12DB8-922C-4528-A17A-B55AF5CDD281}
	EndGlobalSection
EndGlobal
